
Microsoft Visual Studio Solution File, Format Version 12.00
# Visual Studio Version 17
VisualStudioVersion = 17.13.35919.96 d17.13
MinimumVisualStudioVersion = 10.0.40219.1
Project("{FAE04EC0-301F-11D3-BF4B-00C04F79EFBC}") = "BANK MANAGEMENT SYSTEM", "BANK MANAGEMENT SYSTEM\BANK MANAGEMENT SYSTEM.csproj", "{D387AEE4-3857-49CD-A792-F58E188AC094}"
EndProject
Global
	GlobalSection(SolutionConfigurationPlatforms) = preSolution
		Debug|Any CPU = Debug|Any CPU
		Release|Any CPU = Release|Any CPU
	EndGlobalSection
	GlobalSection(ProjectConfigurationPlatforms) = postSolution
		{D387AEE4-3857-49CD-A792-F58E188AC094}.Debug|Any CPU.ActiveCfg = Debug|Any CPU
		{D387AEE4-3857-49CD-A792-F58E188AC094}.Debug|Any CPU.Build.0 = Debug|Any CPU
		{D387AEE4-3857-49CD-A792-F58E188AC094}.Release|Any CPU.ActiveCfg = Release|Any CPU
		{D387AEE4-3857-49CD-A792-F58E188AC094}.Release|Any CPU.Build.0 = Release|Any CPU
	EndGlobalSection
	GlobalSection(SolutionProperties) = preSolution
		HideSolutionNode = FALSE
	EndGlobalSection
	GlobalSection(ExtensibilityGlobals) = postSolution
		SolutionGuid = {40ED91CB-1E14-488B-ACD1-13D70B03EAD8}
	EndGlobalSection
EndGlobal
